// !$*UTF8*$!
{
	archiveVersion = 1;
	classes = {
	};
	objectVersion = 50;
	objects = {

/* Begin PBXBuildFile section */
		3D433309263E8F08000C70AB /* AppDelegate.swift in Sources */ = {isa = PBXBuildFile; fileRef = 3D433308263E8F08000C70AB /* AppDelegate.swift */; };
		3D43330B263E8F08000C70AB /* SceneDelegate.swift in Sources */ = {isa = PBXBuildFile; fileRef = 3D43330A263E8F08000C70AB /* SceneDelegate.swift */; };
		3D43330D263E8F08000C70AB /* HomeViewController.swift in Sources */ = {isa = PBXBuildFile; fileRef = 3D43330C263E8F08000C70AB /* HomeViewController.swift */; };
		3D433310263E8F08000C70AB /* Main.storyboard in Resources */ = {isa = PBXBuildFile; fileRef = 3D43330E263E8F08000C70AB /* Main.storyboard */; };
		3D433312263E8F09000C70AB /* Assets.xcassets in Resources */ = {isa = PBXBuildFile; fileRef = 3D433311263E8F09000C70AB /* Assets.xcassets */; };
		3D433315263E8F09000C70AB /* LaunchScreen.storyboard in Resources */ = {isa = PBXBuildFile; fileRef = 3D433313263E8F09000C70AB /* LaunchScreen.storyboard */; };
		3DB60FE6263ED0E200F30F04 /* NetworkManager.swift in Sources */ = {isa = PBXBuildFile; fileRef = 3DB60FE5263ED0E200F30F04 /* NetworkManager.swift */; };
		3DB60FEC263ED13F00F30F04 /* BaseRequest.swift in Sources */ = {isa = PBXBuildFile; fileRef = 3DB60FEB263ED13F00F30F04 /* BaseRequest.swift */; };
		3DB60FF4263ED2F900F30F04 /* PaymentMethodTableViewCell.swift in Sources */ = {isa = PBXBuildFile; fileRef = 3DB60FF2263ED2F900F30F04 /* PaymentMethodTableViewCell.swift */; };
		3DB60FF8263ED36500F30F04 /* UITableViewCell.swift in Sources */ = {isa = PBXBuildFile; fileRef = 3DB60FF7263ED36500F30F04 /* UITableViewCell.swift */; };
		3DB61001263ED56E00F30F04 /* HomeViewModel.swift in Sources */ = {isa = PBXBuildFile; fileRef = 3DB61000263ED56E00F30F04 /* HomeViewModel.swift */; };
		3DB61009263ED62300F30F04 /* PaymentRequest.swift in Sources */ = {isa = PBXBuildFile; fileRef = 3DB61008263ED62300F30F04 /* PaymentRequest.swift */; };
		3DB6100E263ED7F200F30F04 /* PaymentMethod.swift in Sources */ = {isa = PBXBuildFile; fileRef = 3DB6100D263ED7F200F30F04 /* PaymentMethod.swift */; };
		3DB61011263ED86900F30F04 /* MethodLink.swift in Sources */ = {isa = PBXBuildFile; fileRef = 3DB61010263ED86900F30F04 /* MethodLink.swift */; };
		3DB61016263ED9FC00F30F04 /* PaymentResponse.swift in Sources */ = {isa = PBXBuildFile; fileRef = 3DB61015263ED9FC00F30F04 /* PaymentResponse.swift */; };
		3DB6101A263EE1B600F30F04 /* PaymentMethodTableViewCell.xib in Resources */ = {isa = PBXBuildFile; fileRef = 3DB61019263EE1B600F30F04 /* PaymentMethodTableViewCell.xib */; };
		3DB6101D263EE4EF00F30F04 /* UIImageView.swift in Sources */ = {isa = PBXBuildFile; fileRef = 3DB6101C263EE4EF00F30F04 /* UIImageView.swift */; };
		3DB61028263F4C9000F30F04 /* PayoneerTests.swift in Sources */ = {isa = PBXBuildFile; fileRef = 3DB61027263F4C9000F30F04 /* PayoneerTests.swift */; };
		3DB61032263F4EB400F30F04 /* MockDataProvider.swift in Sources */ = {isa = PBXBuildFile; fileRef = 3DB61031263F4EB400F30F04 /* MockDataProvider.swift */; };
		3DB61040264468DE00F30F04 /* Style.swift in Sources */ = {isa = PBXBuildFile; fileRef = 3DB6103F264468DE00F30F04 /* Style.swift */; };
		3DB610442644698D00F30F04 /* UIView.swift in Sources */ = {isa = PBXBuildFile; fileRef = 3DB610432644698D00F30F04 /* UIView.swift */; };
		3DB6104826446B0300F30F04 /* UIColor.swift in Sources */ = {isa = PBXBuildFile; fileRef = 3DB6104726446B0300F30F04 /* UIColor.swift */; };
		3DB6104C2646A09600F30F04 /* MediaManager.swift in Sources */ = {isa = PBXBuildFile; fileRef = 3DB6104B2646A09600F30F04 /* MediaManager.swift */; };
/* End PBXBuildFile section */

/* Begin PBXContainerItemProxy section */
		3DB6102A263F4C9000F30F04 /* PBXContainerItemProxy */ = {
			isa = PBXContainerItemProxy;
			containerPortal = 3D4332FD263E8F08000C70AB /* Project object */;
			proxyType = 1;
			remoteGlobalIDString = 3D433304263E8F08000C70AB;
			remoteInfo = Payoneer;
		};
/* End PBXContainerItemProxy section */

/* Begin PBXFileReference section */
		3D433305263E8F08000C70AB /* Payoneer.app */ = {isa = PBXFileReference; explicitFileType = wrapper.application; includeInIndex = 0; path = Payoneer.app; sourceTree = BUILT_PRODUCTS_DIR; };
		3D433308263E8F08000C70AB /* AppDelegate.swift */ = {isa = PBXFileReference; lastKnownFileType = sourcecode.swift; path = AppDelegate.swift; sourceTree = "<group>"; };
		3D43330A263E8F08000C70AB /* SceneDelegate.swift */ = {isa = PBXFileReference; lastKnownFileType = sourcecode.swift; path = SceneDelegate.swift; sourceTree = "<group>"; };
		3D43330C263E8F08000C70AB /* HomeViewController.swift */ = {isa = PBXFileReference; lastKnownFileType = sourcecode.swift; path = HomeViewController.swift; sourceTree = "<group>"; };
		3D43330F263E8F08000C70AB /* Base */ = {isa = PBXFileReference; lastKnownFileType = file.storyboard; name = Base; path = Base.lproj/Main.storyboard; sourceTree = "<group>"; };
		3D433311263E8F09000C70AB /* Assets.xcassets */ = {isa = PBXFileReference; lastKnownFileType = folder.assetcatalog; path = Assets.xcassets; sourceTree = "<group>"; };
		3D433314263E8F09000C70AB /* Base */ = {isa = PBXFileReference; lastKnownFileType = file.storyboard; name = Base; path = Base.lproj/LaunchScreen.storyboard; sourceTree = "<group>"; };
		3D433316263E8F09000C70AB /* Info.plist */ = {isa = PBXFileReference; lastKnownFileType = text.plist.xml; path = Info.plist; sourceTree = "<group>"; };
		3DB60FE5263ED0E200F30F04 /* NetworkManager.swift */ = {isa = PBXFileReference; lastKnownFileType = sourcecode.swift; path = NetworkManager.swift; sourceTree = "<group>"; };
		3DB60FEB263ED13F00F30F04 /* BaseRequest.swift */ = {isa = PBXFileReference; lastKnownFileType = sourcecode.swift; path = BaseRequest.swift; sourceTree = "<group>"; };
		3DB60FF2263ED2F900F30F04 /* PaymentMethodTableViewCell.swift */ = {isa = PBXFileReference; fileEncoding = 4; lastKnownFileType = sourcecode.swift; path = PaymentMethodTableViewCell.swift; sourceTree = "<group>"; };
		3DB60FF7263ED36500F30F04 /* UITableViewCell.swift */ = {isa = PBXFileReference; lastKnownFileType = sourcecode.swift; path = UITableViewCell.swift; sourceTree = "<group>"; };
		3DB61000263ED56E00F30F04 /* HomeViewModel.swift */ = {isa = PBXFileReference; lastKnownFileType = sourcecode.swift; path = HomeViewModel.swift; sourceTree = "<group>"; };
		3DB61008263ED62300F30F04 /* PaymentRequest.swift */ = {isa = PBXFileReference; lastKnownFileType = sourcecode.swift; path = PaymentRequest.swift; sourceTree = "<group>"; };
		3DB6100D263ED7F200F30F04 /* PaymentMethod.swift */ = {isa = PBXFileReference; lastKnownFileType = sourcecode.swift; path = PaymentMethod.swift; sourceTree = "<group>"; };
		3DB61010263ED86900F30F04 /* MethodLink.swift */ = {isa = PBXFileReference; lastKnownFileType = sourcecode.swift; path = MethodLink.swift; sourceTree = "<group>"; };
		3DB61015263ED9FC00F30F04 /* PaymentResponse.swift */ = {isa = PBXFileReference; lastKnownFileType = sourcecode.swift; path = PaymentResponse.swift; sourceTree = "<group>"; };
		3DB61019263EE1B600F30F04 /* PaymentMethodTableViewCell.xib */ = {isa = PBXFileReference; lastKnownFileType = file.xib; path = PaymentMethodTableViewCell.xib; sourceTree = "<group>"; };
		3DB6101C263EE4EF00F30F04 /* UIImageView.swift */ = {isa = PBXFileReference; lastKnownFileType = sourcecode.swift; path = UIImageView.swift; sourceTree = "<group>"; };
		3DB61025263F4C9000F30F04 /* PayoneerTests.xctest */ = {isa = PBXFileReference; explicitFileType = wrapper.cfbundle; includeInIndex = 0; path = PayoneerTests.xctest; sourceTree = BUILT_PRODUCTS_DIR; };
		3DB61027263F4C9000F30F04 /* PayoneerTests.swift */ = {isa = PBXFileReference; lastKnownFileType = sourcecode.swift; path = PayoneerTests.swift; sourceTree = "<group>"; };
		3DB61029263F4C9000F30F04 /* Info.plist */ = {isa = PBXFileReference; lastKnownFileType = text.plist.xml; path = Info.plist; sourceTree = "<group>"; };
		3DB61031263F4EB400F30F04 /* MockDataProvider.swift */ = {isa = PBXFileReference; lastKnownFileType = sourcecode.swift; path = MockDataProvider.swift; sourceTree = "<group>"; };
		3DB6103F264468DE00F30F04 /* Style.swift */ = {isa = PBXFileReference; lastKnownFileType = sourcecode.swift; path = Style.swift; sourceTree = "<group>"; };
		3DB610432644698D00F30F04 /* UIView.swift */ = {isa = PBXFileReference; lastKnownFileType = sourcecode.swift; path = UIView.swift; sourceTree = "<group>"; };
		3DB6104726446B0300F30F04 /* UIColor.swift */ = {isa = PBXFileReference; lastKnownFileType = sourcecode.swift; path = UIColor.swift; sourceTree = "<group>"; };
		3DB6104B2646A09600F30F04 /* MediaManager.swift */ = {isa = PBXFileReference; lastKnownFileType = sourcecode.swift; path = MediaManager.swift; sourceTree = "<group>"; };
/* End PBXFileReference section */

/* Begin PBXFrameworksBuildPhase section */
		3D433302263E8F08000C70AB /* Frameworks */ = {
			isa = PBXFrameworksBuildPhase;
			buildActionMask = 2147483647;
			files = (
			);
			runOnlyForDeploymentPostprocessing = 0;
		};
		3DB61022263F4C9000F30F04 /* Frameworks */ = {
			isa = PBXFrameworksBuildPhase;
			buildActionMask = 2147483647;
			files = (
			);
			runOnlyForDeploymentPostprocessing = 0;
		};
/* End PBXFrameworksBuildPhase section */

/* Begin PBXGroup section */
		3D4332FC263E8F08000C70AB = {
			isa = PBXGroup;
			children = (
				3D433307263E8F08000C70AB /* Payoneer */,
				3DB61026263F4C9000F30F04 /* PayoneerTests */,
				3D433306263E8F08000C70AB /* Products */,
			);
			sourceTree = "<group>";
		};
		3D433306263E8F08000C70AB /* Products */ = {
			isa = PBXGroup;
			children = (
				3D433305263E8F08000C70AB /* Payoneer.app */,
				3DB61025263F4C9000F30F04 /* PayoneerTests.xctest */,
			);
			name = Products;
			sourceTree = "<group>";
		};
		3D433307263E8F08000C70AB /* Payoneer */ = {
			isa = PBXGroup;
			children = (
				3DB6103E264468CE00F30F04 /* Styling */,
				3D433308263E8F08000C70AB /* AppDelegate.swift */,
				3D43330A263E8F08000C70AB /* SceneDelegate.swift */,
				3DB60FF6263ED35A00F30F04 /* Extensions */,
				3DB6100C263ED7D900F30F04 /* DataModels */,
				3DB60FE8263ED0E700F30F04 /* Network */,
				3DB60FEF263ED2D300F30F04 /* Reusables */,
				3DB60FFC263ED48D00F30F04 /* Screens */,
				3D43330E263E8F08000C70AB /* Main.storyboard */,
				3D433311263E8F09000C70AB /* Assets.xcassets */,
				3D433313263E8F09000C70AB /* LaunchScreen.storyboard */,
				3D433316263E8F09000C70AB /* Info.plist */,
			);
			path = Payoneer;
			sourceTree = "<group>";
		};
		3DB60FE8263ED0E700F30F04 /* Network */ = {
			isa = PBXGroup;
			children = (
				3DB60FEB263ED13F00F30F04 /* BaseRequest.swift */,
				3DB6104B2646A09600F30F04 /* MediaManager.swift */,
				3DB60FE5263ED0E200F30F04 /* NetworkManager.swift */,
			);
			path = Network;
			sourceTree = "<group>";
		};
		3DB60FEF263ED2D300F30F04 /* Reusables */ = {
			isa = PBXGroup;
			children = (
				3DB60FF0263ED2DC00F30F04 /* PaymentMethodTableViewCell */,
			);
			path = Reusables;
			sourceTree = "<group>";
		};
		3DB60FF0263ED2DC00F30F04 /* PaymentMethodTableViewCell */ = {
			isa = PBXGroup;
			children = (
				3DB60FF2263ED2F900F30F04 /* PaymentMethodTableViewCell.swift */,
				3DB61019263EE1B600F30F04 /* PaymentMethodTableViewCell.xib */,
			);
			path = PaymentMethodTableViewCell;
			sourceTree = "<group>";
		};
		3DB60FF6263ED35A00F30F04 /* Extensions */ = {
			isa = PBXGroup;
			children = (
				3DB60FF7263ED36500F30F04 /* UITableViewCell.swift */,
				3DB6101C263EE4EF00F30F04 /* UIImageView.swift */,
				3DB610432644698D00F30F04 /* UIView.swift */,
				3DB6104726446B0300F30F04 /* UIColor.swift */,
			);
			path = Extensions;
			sourceTree = "<group>";
		};
		3DB60FFC263ED48D00F30F04 /* Screens */ = {
			isa = PBXGroup;
			children = (
				3DB60FFE263ED49800F30F04 /* Home */,
			);
			path = Screens;
			sourceTree = "<group>";
		};
		3DB60FFE263ED49800F30F04 /* Home */ = {
			isa = PBXGroup;
			children = (
				3DB61007263ED61600F30F04 /* Requests */,
				3D43330C263E8F08000C70AB /* HomeViewController.swift */,
				3DB61000263ED56E00F30F04 /* HomeViewModel.swift */,
			);
			path = Home;
			sourceTree = "<group>";
		};
		3DB61007263ED61600F30F04 /* Requests */ = {
			isa = PBXGroup;
			children = (
				3DB61008263ED62300F30F04 /* PaymentRequest.swift */,
			);
			path = Requests;
			sourceTree = "<group>";
		};
		3DB6100C263ED7D900F30F04 /* DataModels */ = {
			isa = PBXGroup;
			children = (
				3DB6100D263ED7F200F30F04 /* PaymentMethod.swift */,
				3DB61010263ED86900F30F04 /* MethodLink.swift */,
				3DB61015263ED9FC00F30F04 /* PaymentResponse.swift */,
			);
			path = DataModels;
			sourceTree = "<group>";
		};
		3DB61026263F4C9000F30F04 /* PayoneerTests */ = {
			isa = PBXGroup;
			children = (
				3DB61027263F4C9000F30F04 /* PayoneerTests.swift */,
				3DB61029263F4C9000F30F04 /* Info.plist */,
				3DB61031263F4EB400F30F04 /* MockDataProvider.swift */,
			);
			path = PayoneerTests;
			sourceTree = "<group>";
		};
		3DB6103E264468CE00F30F04 /* Styling */ = {
			isa = PBXGroup;
			children = (
				3DB6103F264468DE00F30F04 /* Style.swift */,
			);
			path = Styling;
			sourceTree = "<group>";
		};
/* End PBXGroup section */

/* Begin PBXNativeTarget section */
		3D433304263E8F08000C70AB /* Payoneer */ = {
			isa = PBXNativeTarget;
			buildConfigurationList = 3D433319263E8F09000C70AB /* Build configuration list for PBXNativeTarget "Payoneer" */;
			buildPhases = (
				3D433301263E8F08000C70AB /* Sources */,
				3D433302263E8F08000C70AB /* Frameworks */,
				3D433303263E8F08000C70AB /* Resources */,
			);
			buildRules = (
			);
			dependencies = (
			);
			name = Payoneer;
			productName = Payoneer;
			productReference = 3D433305263E8F08000C70AB /* Payoneer.app */;
			productType = "com.apple.product-type.application";
		};
		3DB61024263F4C9000F30F04 /* PayoneerTests */ = {
			isa = PBXNativeTarget;
			buildConfigurationList = 3DB6102C263F4C9000F30F04 /* Build configuration list for PBXNativeTarget "PayoneerTests" */;
			buildPhases = (
				3DB61021263F4C9000F30F04 /* Sources */,
				3DB61022263F4C9000F30F04 /* Frameworks */,
				3DB61023263F4C9000F30F04 /* Resources */,
			);
			buildRules = (
			);
			dependencies = (
				3DB6102B263F4C9000F30F04 /* PBXTargetDependency */,
			);
			name = PayoneerTests;
			productName = PayoneerTests;
			productReference = 3DB61025263F4C9000F30F04 /* PayoneerTests.xctest */;
			productType = "com.apple.product-type.bundle.unit-test";
		};
/* End PBXNativeTarget section */

/* Begin PBXProject section */
		3D4332FD263E8F08000C70AB /* Project object */ = {
			isa = PBXProject;
			attributes = {
				LastSwiftUpdateCheck = 1220;
				LastUpgradeCheck = 1220;
				TargetAttributes = {
					3D433304263E8F08000C70AB = {
						CreatedOnToolsVersion = 12.2;
					};
					3DB61024263F4C9000F30F04 = {
						CreatedOnToolsVersion = 12.2;
						TestTargetID = 3D433304263E8F08000C70AB;
					};
				};
			};
			buildConfigurationList = 3D433300263E8F08000C70AB /* Build configuration list for PBXProject "Payoneer" */;
			compatibilityVersion = "Xcode 9.3";
			developmentRegion = en;
			hasScannedForEncodings = 0;
			knownRegions = (
				en,
				Base,
			);
			mainGroup = 3D4332FC263E8F08000C70AB;
			productRefGroup = 3D433306263E8F08000C70AB /* Products */;
			projectDirPath = "";
			projectRoot = "";
			targets = (
				3D433304263E8F08000C70AB /* Payoneer */,
				3DB61024263F4C9000F30F04 /* PayoneerTests */,
			);
		};
/* End PBXProject section */

/* Begin PBXResourcesBuildPhase section */
		3D433303263E8F08000C70AB /* Resources */ = {
			isa = PBXResourcesBuildPhase;
			buildActionMask = 2147483647;
			files = (
				3D433315263E8F09000C70AB /* LaunchScreen.storyboard in Resources */,
				3DB6101A263EE1B600F30F04 /* PaymentMethodTableViewCell.xib in Resources */,
				3D433312263E8F09000C70AB /* Assets.xcassets in Resources */,
				3D433310263E8F08000C70AB /* Main.storyboard in Resources */,
			);
			runOnlyForDeploymentPostprocessing = 0;
		};
		3DB61023263F4C9000F30F04 /* Resources */ = {
			isa = PBXResourcesBuildPhase;
			buildActionMask = 2147483647;
			files = (
			);
			runOnlyForDeploymentPostprocessing = 0;
		};
/* End PBXResourcesBuildPhase section */

/* Begin PBXSourcesBuildPhase section */
		3D433301263E8F08000C70AB /* Sources */ = {
			isa = PBXSourcesBuildPhase;
			buildActionMask = 2147483647;
			files = (
				3DB60FF4263ED2F900F30F04 /* PaymentMethodTableViewCell.swift in Sources */,
				3DB61016263ED9FC00F30F04 /* PaymentResponse.swift in Sources */,
				3DB60FEC263ED13F00F30F04 /* BaseRequest.swift in Sources */,
				3DB60FE6263ED0E200F30F04 /* NetworkManager.swift in Sources */,
				3DB6101D263EE4EF00F30F04 /* UIImageView.swift in Sources */,
				3DB6104826446B0300F30F04 /* UIColor.swift in Sources */,
				3DB61040264468DE00F30F04 /* Style.swift in Sources */,
				3DB61009263ED62300F30F04 /* PaymentRequest.swift in Sources */,
				3DB61001263ED56E00F30F04 /* HomeViewModel.swift in Sources */,
				3D43330D263E8F08000C70AB /* HomeViewController.swift in Sources */,
				3D433309263E8F08000C70AB /* AppDelegate.swift in Sources */,
				3DB610442644698D00F30F04 /* UIView.swift in Sources */,
				3DB61011263ED86900F30F04 /* MethodLink.swift in Sources */,
				3DB60FF8263ED36500F30F04 /* UITableViewCell.swift in Sources */,
				3D43330B263E8F08000C70AB /* SceneDelegate.swift in Sources */,
				3DB6100E263ED7F200F30F04 /* PaymentMethod.swift in Sources */,
				3DB6104C2646A09600F30F04 /* MediaManager.swift in Sources */,
			);
			runOnlyForDeploymentPostprocessing = 0;
		};
		3DB61021263F4C9000F30F04 /* Sources */ = {
			isa = PBXSourcesBuildPhase;
			buildActionMask = 2147483647;
			files = (
				3DB61032263F4EB400F30F04 /* MockDataProvider.swift in Sources */,
				3DB61028263F4C9000F30F04 /* PayoneerTests.swift in Sources */,
			);
			runOnlyForDeploymentPostprocessing = 0;
		};
/* End PBXSourcesBuildPhase section */

/* Begin PBXTargetDependency section */
		3DB6102B263F4C9000F30F04 /* PBXTargetDependency */ = {
			isa = PBXTargetDependency;
			target = 3D433304263E8F08000C70AB /* Payoneer */;
			targetProxy = 3DB6102A263F4C9000F30F04 /* PBXContainerItemProxy */;
		};
/* End PBXTargetDependency section */

/* Begin PBXVariantGroup section */
		3D43330E263E8F08000C70AB /* Main.storyboard */ = {
			isa = PBXVariantGroup;
			children = (
				3D43330F263E8F08000C70AB /* Base */,
			);
			name = Main.storyboard;
			sourceTree = "<group>";
		};
		3D433313263E8F09000C70AB /* LaunchScreen.storyboard */ = {
			isa = PBXVariantGroup;
			children = (
				3D433314263E8F09000C70AB /* Base */,
			);
			name = LaunchScreen.storyboard;
			sourceTree = "<group>";
		};
/* End PBXVariantGroup section */

/* Begin XCBuildConfiguration section */
		3D433317263E8F09000C70AB /* Debug */ = {
			isa = XCBuildConfiguration;
			buildSettings = {
				ALWAYS_SEARCH_USER_PATHS = NO;
				CLANG_ANALYZER_NONNULL = YES;
				CLANG_ANALYZER_NUMBER_OBJECT_CONVERSION = YES_AGGRESSIVE;
				CLANG_CXX_LANGUAGE_STANDARD = "gnu++14";
				CLANG_CXX_LIBRARY = "libc++";
				CLANG_ENABLE_MODULES = YES;
				CLANG_ENABLE_OBJC_ARC = YES;
				CLANG_ENABLE_OBJC_WEAK = YES;
				CLANG_WARN_BLOCK_CAPTURE_AUTORELEASING = YES;
				CLANG_WARN_BOOL_CONVERSION = YES;
				CLANG_WARN_COMMA = YES;
				CLANG_WARN_CONSTANT_CONVERSION = YES;
				CLANG_WARN_DEPRECATED_OBJC_IMPLEMENTATIONS = YES;
				CLANG_WARN_DIRECT_OBJC_ISA_USAGE = YES_ERROR;
				CLANG_WARN_DOCUMENTATION_COMMENTS = YES;
				CLANG_WARN_EMPTY_BODY = YES;
				CLANG_WARN_ENUM_CONVERSION = YES;
				CLANG_WARN_INFINITE_RECURSION = YES;
				CLANG_WARN_INT_CONVERSION = YES;
				CLANG_WARN_NON_LITERAL_NULL_CONVERSION = YES;
				CLANG_WARN_OBJC_IMPLICIT_RETAIN_SELF = YES;
				CLANG_WARN_OBJC_LITERAL_CONVERSION = YES;
				CLANG_WARN_OBJC_ROOT_CLASS = YES_ERROR;
				CLANG_WARN_QUOTED_INCLUDE_IN_FRAMEWORK_HEADER = YES;
				CLANG_WARN_RANGE_LOOP_ANALYSIS = YES;
				CLANG_WARN_STRICT_PROTOTYPES = YES;
				CLANG_WARN_SUSPICIOUS_MOVE = YES;
				CLANG_WARN_UNGUARDED_AVAILABILITY = YES_AGGRESSIVE;
				CLANG_WARN_UNREACHABLE_CODE = YES;
				CLANG_WARN__DUPLICATE_METHOD_MATCH = YES;
				COPY_PHASE_STRIP = NO;
				DEBUG_INFORMATION_FORMAT = dwarf;
				ENABLE_STRICT_OBJC_MSGSEND = YES;
				ENABLE_TESTABILITY = YES;
				GCC_C_LANGUAGE_STANDARD = gnu11;
				GCC_DYNAMIC_NO_PIC = NO;
				GCC_NO_COMMON_BLOCKS = YES;
				GCC_OPTIMIZATION_LEVEL = 0;
				GCC_PREPROCESSOR_DEFINITIONS = (
					"DEBUG=1",
					"$(inherited)",
				);
				GCC_WARN_64_TO_32_BIT_CONVERSION = YES;
				GCC_WARN_ABOUT_RETURN_TYPE = YES_ERROR;
				GCC_WARN_UNDECLARED_SELECTOR = YES;
				GCC_WARN_UNINITIALIZED_AUTOS = YES_AGGRESSIVE;
				GCC_WARN_UNUSED_FUNCTION = YES;
				GCC_WARN_UNUSED_VARIABLE = YES;
				IPHONEOS_DEPLOYMENT_TARGET = 14.2;
				MTL_ENABLE_DEBUG_INFO = INCLUDE_SOURCE;
				MTL_FAST_MATH = YES;
				ONLY_ACTIVE_ARCH = YES;
				SDKROOT = iphoneos;
				SWIFT_ACTIVE_COMPILATION_CONDITIONS = DEBUG;
				SWIFT_OPTIMIZATION_LEVEL = "-Onone";
			};
			name = Debug;
		};
		3D433318263E8F09000C70AB /* Release */ = {
			isa = XCBuildConfiguration;
			buildSettings = {
				ALWAYS_SEARCH_USER_PATHS = NO;
				CLANG_ANALYZER_NONNULL = YES;
				CLANG_ANALYZER_NUMBER_OBJECT_CONVERSION = YES_AGGRESSIVE;
				CLANG_CXX_LANGUAGE_STANDARD = "gnu++14";
				CLANG_CXX_LIBRARY = "libc++";
				CLANG_ENABLE_MODULES = YES;
				CLANG_ENABLE_OBJC_ARC = YES;
				CLANG_ENABLE_OBJC_WEAK = YES;
				CLANG_WARN_BLOCK_CAPTURE_AUTORELEASING = YES;
				CLANG_WARN_BOOL_CONVERSION = YES;
				CLANG_WARN_COMMA = YES;
				CLANG_WARN_CONSTANT_CONVERSION = YES;
				CLANG_WARN_DEPRECATED_OBJC_IMPLEMENTATIONS = YES;
				CLANG_WARN_DIRECT_OBJC_ISA_USAGE = YES_ERROR;
				CLANG_WARN_DOCUMENTATION_COMMENTS = YES;
				CLANG_WARN_EMPTY_BODY = YES;
				CLANG_WARN_ENUM_CONVERSION = YES;
				CLANG_WARN_INFINITE_RECURSION = YES;
				CLANG_WARN_INT_CONVERSION = YES;
				CLANG_WARN_NON_LITERAL_NULL_CONVERSION = YES;
				CLANG_WARN_OBJC_IMPLICIT_RETAIN_SELF = YES;
				CLANG_WARN_OBJC_LITERAL_CONVERSION = YES;
				CLANG_WARN_OBJC_ROOT_CLASS = YES_ERROR;
				CLANG_WARN_QUOTED_INCLUDE_IN_FRAMEWORK_HEADER = YES;
				CLANG_WARN_RANGE_LOOP_ANALYSIS = YES;
				CLANG_WARN_STRICT_PROTOTYPES = YES;
				CLANG_WARN_SUSPICIOUS_MOVE = YES;
				CLANG_WARN_UNGUARDED_AVAILABILITY = YES_AGGRESSIVE;
				CLANG_WARN_UNREACHABLE_CODE = YES;
				CLANG_WARN__DUPLICATE_METHOD_MATCH = YES;
				COPY_PHASE_STRIP = NO;
				DEBUG_INFORMATION_FORMAT = "dwarf-with-dsym";
				ENABLE_NS_ASSERTIONS = NO;
				ENABLE_STRICT_OBJC_MSGSEND = YES;
				GCC_C_LANGUAGE_STANDARD = gnu11;
				GCC_NO_COMMON_BLOCKS = YES;
				GCC_WARN_64_TO_32_BIT_CONVERSION = YES;
				GCC_WARN_ABOUT_RETURN_TYPE = YES_ERROR;
				GCC_WARN_UNDECLARED_SELECTOR = YES;
				GCC_WARN_UNINITIALIZED_AUTOS = YES_AGGRESSIVE;
				GCC_WARN_UNUSED_FUNCTION = YES;
				GCC_WARN_UNUSED_VARIABLE = YES;
				IPHONEOS_DEPLOYMENT_TARGET = 14.2;
				MTL_ENABLE_DEBUG_INFO = NO;
				MTL_FAST_MATH = YES;
				SDKROOT = iphoneos;
				SWIFT_COMPILATION_MODE = wholemodule;
				SWIFT_OPTIMIZATION_LEVEL = "-O";
				VALIDATE_PRODUCT = YES;
			};
			name = Release;
		};
		3D43331A263E8F09000C70AB /* Debug */ = {
			isa = XCBuildConfiguration;
			buildSettings = {
				ASSETCATALOG_COMPILER_APPICON_NAME = AppIcon;
				ASSETCATALOG_COMPILER_GLOBAL_ACCENT_COLOR_NAME = AccentColor;
				CODE_SIGN_STYLE = Automatic;
				INFOPLIST_FILE = Payoneer/Info.plist;
				LD_RUNPATH_SEARCH_PATHS = (
					"$(inherited)",
					"@executable_path/Frameworks",
				);
				PRODUCT_BUNDLE_IDENTIFIER = fatihmaytalman.Payoneer;
				PRODUCT_NAME = "$(TARGET_NAME)";
				SWIFT_VERSION = 5.0;
				TARGETED_DEVICE_FAMILY = "1,2";
			};
			name = Debug;
		};
		3D43331B263E8F09000C70AB /* Release */ = {
			isa = XCBuildConfiguration;
			buildSettings = {
				ASSETCATALOG_COMPILER_APPICON_NAME = AppIcon;
				ASSETCATALOG_COMPILER_GLOBAL_ACCENT_COLOR_NAME = AccentColor;
				CODE_SIGN_STYLE = Automatic;
				INFOPLIST_FILE = Payoneer/Info.plist;
				LD_RUNPATH_SEARCH_PATHS = (
					"$(inherited)",
					"@executable_path/Frameworks",
				);
				PRODUCT_BUNDLE_IDENTIFIER = fatihmaytalman.Payoneer;
				PRODUCT_NAME = "$(TARGET_NAME)";
				SWIFT_VERSION = 5.0;
				TARGETED_DEVICE_FAMILY = "1,2";
			};
			name = Release;
		};
		3DB6102D263F4C9000F30F04 /* Debug */ = {
			isa = XCBuildConfiguration;
			buildSettings = {
				BUNDLE_LOADER = "$(TEST_HOST)";
				CODE_SIGN_STYLE = Automatic;
				INFOPLIST_FILE = PayoneerTests/Info.plist;
				LD_RUNPATH_SEARCH_PATHS = (
					"$(inherited)",
					"@executable_path/Frameworks",
					"@loader_path/Frameworks",
				);
				PRODUCT_BUNDLE_IDENTIFIER = fatihmaytalman.PayoneerTests;
				PRODUCT_NAME = "$(TARGET_NAME)";
				SWIFT_VERSION = 5.0;
				TARGETED_DEVICE_FAMILY = "1,2";
				TEST_HOST = "$(BUILT_PRODUCTS_DIR)/Payoneer.app/Payoneer";
			};
			name = Debug;
		};
		3DB6102E263F4C9000F30F04 /* Release */ = {
			isa = XCBuildConfiguration;
			buildSettings = {
				BUNDLE_LOADER = "$(TEST_HOST)";
				CODE_SIGN_STYLE = Automatic;
				INFOPLIST_FILE = PayoneerTests/Info.plist;
				LD_RUNPATH_SEARCH_PATHS = (
					"$(inherited)",
					"@executable_path/Frameworks",
					"@loader_path/Frameworks",
				);
				PRODUCT_BUNDLE_IDENTIFIER = fatihmaytalman.PayoneerTests;
				PRODUCT_NAME = "$(TARGET_NAME)";
				SWIFT_VERSION = 5.0;
				TARGETED_DEVICE_FAMILY = "1,2";
				TEST_HOST = "$(BUILT_PRODUCTS_DIR)/Payoneer.app/Payoneer";
			};
			name = Release;
		};
/* End XCBuildConfiguration section */

/* Begin XCConfigurationList section */
		3D433300263E8F08000C70AB /* Build configuration list for PBXProject "Payoneer" */ = {
			isa = XCConfigurationList;
			buildConfigurations = (
				3D433317263E8F09000C70AB /* Debug */,
				3D433318263E8F09000C70AB /* Release */,
			);
			defaultConfigurationIsVisible = 0;
			defaultConfigurationName = Release;
		};
		3D433319263E8F09000C70AB /* Build configuration list for PBXNativeTarget "Payoneer" */ = {
			isa = XCConfigurationList;
			buildConfigurations = (
				3D43331A263E8F09000C70AB /* Debug */,
				3D43331B263E8F09000C70AB /* Release */,
			);
			defaultConfigurationIsVisible = 0;
			defaultConfigurationName = Release;
		};
		3DB6102C263F4C9000F30F04 /* Build configuration list for PBXNativeTarget "PayoneerTests" */ = {
			isa = XCConfigurationList;
			buildConfigurations = (
				3DB6102D263F4C9000F30F04 /* Debug */,
				3DB6102E263F4C9000F30F04 /* Release */,
			);
			defaultConfigurationIsVisible = 0;
			defaultConfigurationName = Release;
		};
/* End XCConfigurationList section */
	};
	rootObject = 3D4332FD263E8F08000C70AB /* Project object */;
}
